
Microsoft Visual Studio Solution File, Format Version 12.00
# Visual Studio 15
VisualStudioVersion = 15.0.27703.1
MinimumVisualStudioVersion = 10.0.40219.1
Project("{FAE04EC0-301F-11D3-BF4B-00C04F79EFBC}") = "Colorify", "Colorify\Colorify.csproj", "{5872C759-396A-4CE3-82E8-07D75A58CDA7}"
EndProject
Project("{2150E333-8FDC-42A3-9474-1A3956D46DE8}") = "Solution Items", "Solution Items", "{014B9320-EF66-4DE3-AF6D-9F6468408072}"
EndProject
Global
	GlobalSection(SolutionConfigurationPlatforms) = preSolution
		Debug|Any CPU = Debug|Any CPU
		Release|Any CPU = Release|Any CPU
	EndGlobalSection
	GlobalSection(ProjectConfigurationPlatforms) = postSolution
		{5872C759-396A-4CE3-82E8-07D75A58CDA7}.Debug|Any CPU.ActiveCfg = Debug|Any CPU
		{5872C759-396A-4CE3-82E8-07D75A58CDA7}.Debug|Any CPU.Build.0 = Debug|Any CPU
		{5872C759-396A-4CE3-82E8-07D75A58CDA7}.Release|Any CPU.ActiveCfg = Release|Any CPU
		{5872C759-396A-4CE3-82E8-07D75A58CDA7}.Release|Any CPU.Build.0 = Release|Any CPU
	EndGlobalSection
	GlobalSection(SolutionProperties) = preSolution
		HideSolutionNode = FALSE
	EndGlobalSection
	GlobalSection(ExtensibilityGlobals) = postSolution
		SolutionGuid = {E9C2DE5E-D5CD-409C-821F-454CE6C3A0DC}
	EndGlobalSection
EndGlobal
